
Microsoft Visual Studio Solution File, Format Version 12.00
# Visual Studio 14
VisualStudioVersion = 14.0.25420.1
MinimumVisualStudioVersion = 10.0.40219.1
Project("{FAE04EC0-301F-11D3-BF4B-00C04F79EFBC}") = "IvyOS", "IvyOS\IvyOS.csproj", "{CCA61B16-E5AC-44C4-B11B-F4106A0551C4}"
EndProject
Project("{471EC4BB-E47E-4229-A789-D1F5F83B52D4}") = "Ivy", "IvyOS\Ivy.Cosmos", "{81692032-C3A3-419B-A0A6-4CE485348A5D}"
EndProject
Project("{FAE04EC0-301F-11D3-BF4B-00C04F79EFBC}") = "IvyOS.Plug", "IvyOS.Plug\IvyOS.Plug.csproj", "{FAC6A3A1-99B8-46AF-9EAA-D75AF5762188}"
EndProject
Project("{FAE04EC0-301F-11D3-BF4B-00C04F79EFBC}") = "Ivy.Framework", "Ivy.Framework\Ivy.Framework.csproj", "{13C7DE30-C728-483D-AD38-C6CAB6E48659}"
EndProject
Global
	GlobalSection(SolutionConfigurationPlatforms) = preSolution
		Debug|Any CPU = Debug|Any CPU
		Debug|x86 = Debug|x86
		Release|Any CPU = Release|Any CPU
		Release|x86 = Release|x86
	EndGlobalSection
	GlobalSection(ProjectConfigurationPlatforms) = postSolution
		{CCA61B16-E5AC-44C4-B11B-F4106A0551C4}.Debug|Any CPU.ActiveCfg = Debug|Any CPU
		{CCA61B16-E5AC-44C4-B11B-F4106A0551C4}.Debug|Any CPU.Build.0 = Debug|Any CPU
		{CCA61B16-E5AC-44C4-B11B-F4106A0551C4}.Debug|x86.ActiveCfg = Debug|Any CPU
		{CCA61B16-E5AC-44C4-B11B-F4106A0551C4}.Debug|x86.Build.0 = Debug|Any CPU
		{CCA61B16-E5AC-44C4-B11B-F4106A0551C4}.Release|Any CPU.ActiveCfg = Release|Any CPU
		{CCA61B16-E5AC-44C4-B11B-F4106A0551C4}.Release|Any CPU.Build.0 = Release|Any CPU
		{CCA61B16-E5AC-44C4-B11B-F4106A0551C4}.Release|x86.ActiveCfg = Release|x86
		{CCA61B16-E5AC-44C4-B11B-F4106A0551C4}.Release|x86.Build.0 = Release|x86
		{81692032-C3A3-419B-A0A6-4CE485348A5D}.Debug|Any CPU.ActiveCfg = Debug|x86
		{81692032-C3A3-419B-A0A6-4CE485348A5D}.Debug|Any CPU.Build.0 = Debug|x86
		{81692032-C3A3-419B-A0A6-4CE485348A5D}.Debug|x86.ActiveCfg = Debug|x86
		{81692032-C3A3-419B-A0A6-4CE485348A5D}.Debug|x86.Build.0 = Debug|x86
		{81692032-C3A3-419B-A0A6-4CE485348A5D}.Release|Any CPU.ActiveCfg = Debug|x86
		{81692032-C3A3-419B-A0A6-4CE485348A5D}.Release|Any CPU.Build.0 = Debug|x86
		{81692032-C3A3-419B-A0A6-4CE485348A5D}.Release|x86.ActiveCfg = Debug|x86
		{81692032-C3A3-419B-A0A6-4CE485348A5D}.Release|x86.Build.0 = Debug|x86
		{FAC6A3A1-99B8-46AF-9EAA-D75AF5762188}.Debug|Any CPU.ActiveCfg = Debug|Any CPU
		{FAC6A3A1-99B8-46AF-9EAA-D75AF5762188}.Debug|Any CPU.Build.0 = Debug|Any CPU
		{FAC6A3A1-99B8-46AF-9EAA-D75AF5762188}.Debug|x86.ActiveCfg = Debug|Any CPU
		{FAC6A3A1-99B8-46AF-9EAA-D75AF5762188}.Debug|x86.Build.0 = Debug|Any CPU
		{FAC6A3A1-99B8-46AF-9EAA-D75AF5762188}.Release|Any CPU.ActiveCfg = Release|Any CPU
		{FAC6A3A1-99B8-46AF-9EAA-D75AF5762188}.Release|Any CPU.Build.0 = Release|Any CPU
		{FAC6A3A1-99B8-46AF-9EAA-D75AF5762188}.Release|x86.ActiveCfg = Release|Any CPU
		{FAC6A3A1-99B8-46AF-9EAA-D75AF5762188}.Release|x86.Build.0 = Release|Any CPU
		{13C7DE30-C728-483D-AD38-C6CAB6E48659}.Debug|Any CPU.ActiveCfg = Debug|Any CPU
		{13C7DE30-C728-483D-AD38-C6CAB6E48659}.Debug|Any CPU.Build.0 = Debug|Any CPU
		{13C7DE30-C728-483D-AD38-C6CAB6E48659}.Debug|x86.ActiveCfg = Debug|Any CPU
		{13C7DE30-C728-483D-AD38-C6CAB6E48659}.Debug|x86.Build.0 = Debug|Any CPU
		{13C7DE30-C728-483D-AD38-C6CAB6E48659}.Release|Any CPU.ActiveCfg = Release|Any CPU
		{13C7DE30-C728-483D-AD38-C6CAB6E48659}.Release|Any CPU.Build.0 = Release|Any CPU
		{13C7DE30-C728-483D-AD38-C6CAB6E48659}.Release|x86.ActiveCfg = Release|Any CPU
		{13C7DE30-C728-483D-AD38-C6CAB6E48659}.Release|x86.Build.0 = Release|Any CPU
	EndGlobalSection
	GlobalSection(SolutionProperties) = preSolution
		HideSolutionNode = FALSE
	EndGlobalSection
EndGlobal
